// !$*UTF8*$!
{
	archiveVersion = 1;
	classes = {
	};
	objectVersion = 50;
	objects = {

/* Begin PBXBuildFile section */
		C19F57C6236A0B27009AEB52 /* AppDelegate.swift in Sources */ = {isa = PBXBuildFile; fileRef = C19F57C5236A0B27009AEB52 /* AppDelegate.swift */; };
		C19F57C8236A0B27009AEB52 /* SceneDelegate.swift in Sources */ = {isa = PBXBuildFile; fileRef = C19F57C7236A0B27009AEB52 /* SceneDelegate.swift */; };
		C19F57CA236A0B27009AEB52 /* ViewController.swift in Sources */ = {isa = PBXBuildFile; fileRef = C19F57C9236A0B27009AEB52 /* ViewController.swift */; };
		C19F57CD236A0B27009AEB52 /* Main.storyboard in Resources */ = {isa = PBXBuildFile; fileRef = C19F57CB236A0B27009AEB52 /* Main.storyboard */; };
		C19F57CF236A0B29009AEB52 /* Assets.xcassets in Resources */ = {isa = PBXBuildFile; fileRef = C19F57CE236A0B29009AEB52 /* Assets.xcassets */; };
		C19F57D2236A0B29009AEB52 /* LaunchScreen.storyboard in Resources */ = {isa = PBXBuildFile; fileRef = C19F57D0236A0B29009AEB52 /* LaunchScreen.storyboard */; };
/* End PBXBuildFile section */

/* Begin PBXFileReference section */
		C19F57C2236A0B27009AEB52 /* Color_Guess_Lab.app */ = {isa = PBXFileReference; explicitFileType = wrapper.application; includeInIndex = 0; path = Color_Guess_Lab.app; sourceTree = BUILT_PRODUCTS_DIR; };
		C19F57C5236A0B27009AEB52 /* AppDelegate.swift */ = {isa = PBXFileReference; lastKnownFileType = sourcecode.swift; path = AppDelegate.swift; sourceTree = "<group>"; };
		C19F57C7236A0B27009AEB52 /* SceneDelegate.swift */ = {isa = PBXFileReference; lastKnownFileType = sourcecode.swift; path = SceneDelegate.swift; sourceTree = "<group>"; };
		C19F57C9236A0B27009AEB52 /* ViewController.swift */ = {isa = PBXFileReference; lastKnownFileType = sourcecode.swift; path = ViewController.swift; sourceTree = "<group>"; };
		C19F57CC236A0B27009AEB52 /* Base */ = {isa = PBXFileReference; lastKnownFileType = file.storyboard; name = Base; path = Base.lproj/Main.storyboard; sourceTree = "<group>"; };
		C19F57CE236A0B29009AEB52 /* Assets.xcassets */ = {isa = PBXFileReference; lastKnownFileType = folder.assetcatalog; path = Assets.xcassets; sourceTree = "<group>"; };
		C19F57D1236A0B29009AEB52 /* Base */ = {isa = PBXFileReference; lastKnownFileType = file.storyboard; name = Base; path = Base.lproj/LaunchScreen.storyboard; sourceTree = "<group>"; };
		C19F57D3236A0B29009AEB52 /* Info.plist */ = {isa = PBXFileReference; lastKnownFileType = text.plist.xml; path = Info.plist; sourceTree = "<group>"; };
/* End PBXFileReference section */

/* Begin PBXFrameworksBuildPhase section */
		C19F57BF236A0B27009AEB52 /* Frameworks */ = {
			isa = PBXFrameworksBuildPhase;
			buildActionMask = 2147483647;
			files = (
			);
			runOnlyForDeploymentPostprocessing = 0;
		};
/* End PBXFrameworksBuildPhase section */

/* Begin PBXGroup section */
		C19F57B9236A0B27009AEB52 = {
			isa = PBXGroup;
			children = (
				C19F57C4236A0B27009AEB52 /* Color_Guess_Lab */,
				C19F57C3236A0B27009AEB52 /* Products */,
			);
			sourceTree = "<group>";
		};
		C19F57C3236A0B27009AEB52 /* Products */ = {
			isa = PBXGroup;
			children = (
				C19F57C2236A0B27009AEB52 /* Color_Guess_Lab.app */,
			);
			name = Products;
			sourceTree = "<group>";
		};
		C19F57C4236A0B27009AEB52 /* Color_Guess_Lab */ = {
			isa = PBXGroup;
			children = (
				C19F57C5236A0B27009AEB52 /* AppDelegate.swift */,
				C19F57C7236A0B27009AEB52 /* SceneDelegate.swift */,
				C19F57C9236A0B27009AEB52 /* ViewController.swift */,
				C19F57CB236A0B27009AEB52 /* Main.storyboard */,
				C19F57CE236A0B29009AEB52 /* Assets.xcassets */,
				C19F57D0236A0B29009AEB52 /* LaunchScreen.storyboard */,
				C19F57D3236A0B29009AEB52 /* Info.plist */,
			);
			path = Color_Guess_Lab;
			sourceTree = "<group>";
		};
/* End PBXGroup section */

/* Begin PBXNativeTarget section */
		C19F57C1236A0B27009AEB52 /* Color_Guess_Lab */ = {
			isa = PBXNativeTarget;
			buildConfigurationList = C19F57D6236A0B29009AEB52 /* Build configuration list for PBXNativeTarget "Color_Guess_Lab" */;
			buildPhases = (
				C19F57BE236A0B27009AEB52 /* Sources */,
				C19F57BF236A0B27009AEB52 /* Frameworks */,
				C19F57C0236A0B27009AEB52 /* Resources */,
			);
			buildRules = (
			);
			dependencies = (
			);
			name = Color_Guess_Lab;
			productName = Color_Guess_Lab;
			productReference = C19F57C2236A0B27009AEB52 /* Color_Guess_Lab.app */;
			productType = "com.apple.product-type.application";
		};
/* End PBXNativeTarget section */

/* Begin PBXProject section */
		C19F57BA236A0B27009AEB52 /* Project object */ = {
			isa = PBXProject;
			attributes = {
				LastSwiftUpdateCheck = 1100;
				LastUpgradeCheck = 1100;
				ORGANIZATIONNAME = "Gregory Keeley";
				TargetAttributes = {
					C19F57C1236A0B27009AEB52 = {
						CreatedOnToolsVersion = 11.0;
					};
				};
			};
			buildConfigurationList = C19F57BD236A0B27009AEB52 /* Build configuration list for PBXProject "Color_Guess_Lab" */;
			compatibilityVersion = "Xcode 9.3";
			developmentRegion = en;
			hasScannedForEncodings = 0;
			knownRegions = (
				en,
				Base,
			);
			mainGroup = C19F57B9236A0B27009AEB52;
			productRefGroup = C19F57C3236A0B27009AEB52 /* Products */;
			projectDirPath = "";
			projectRoot = "";
			targets = (
				C19F57C1236A0B27009AEB52 /* Color_Guess_Lab */,
			);
		};
/* End PBXProject section */

/* Begin PBXResourcesBuildPhase section */
		C19F57C0236A0B27009AEB52 /* Resources */ = {
			isa = PBXResourcesBuildPhase;
			buildActionMask = 2147483647;
			files = (
				C19F57D2236A0B29009AEB52 /* LaunchScreen.storyboard in Resources */,
				C19F57CF236A0B29009AEB52 /* Assets.xcassets in Resources */,
				C19F57CD236A0B27009AEB52 /* Main.storyboard in Resources */,
			);
			runOnlyForDeploymentPostprocessing = 0;
		};
/* End PBXResourcesBuildPhase section */

/* Begin PBXSourcesBuildPhase section */
		C19F57BE236A0B27009AEB52 /* Sources */ = {
			isa = PBXSourcesBuildPhase;
			buildActionMask = 2147483647;
			files = (
				C19F57CA236A0B27009AEB52 /* ViewController.swift in Sources */,
				C19F57C6236A0B27009AEB52 /* AppDelegate.swift in Sources */,
				C19F57C8236A0B27009AEB52 /* SceneDelegate.swift in Sources */,
			);
			runOnlyForDeploymentPostprocessing = 0;
		};
/* End PBXSourcesBuildPhase section */

/* Begin PBXVariantGroup section */
		C19F57CB236A0B27009AEB52 /* Main.storyboard */ = {
			isa = PBXVariantGroup;
			children = (
				C19F57CC236A0B27009AEB52 /* Base */,
			);
			name = Main.storyboard;
			sourceTree = "<group>";
		};
		C19F57D0236A0B29009AEB52 /* LaunchScreen.storyboard */ = {
			isa = PBXVariantGroup;
			children = (
				C19F57D1236A0B29009AEB52 /* Base */,
			);
			name = LaunchScreen.storyboard;
			sourceTree = "<group>";
		};
/* End PBXVariantGroup section */

/* Begin XCBuildConfiguration section */
		C19F57D4236A0B29009AEB52 /* Debug */ = {
			isa = XCBuildConfiguration;
			buildSettings = {
				ALWAYS_SEARCH_USER_PATHS = NO;
				CLANG_ANALYZER_NONNULL = YES;
				CLANG_ANALYZER_NUMBER_OBJECT_CONVERSION = YES_AGGRESSIVE;
				CLANG_CXX_LANGUAGE_STANDARD = "gnu++14";
				CLANG_CXX_LIBRARY = "libc++";
				CLANG_ENABLE_MODULES = YES;
				CLANG_ENABLE_OBJC_ARC = YES;
				CLANG_ENABLE_OBJC_WEAK = YES;
				CLANG_WARN_BLOCK_CAPTURE_AUTORELEASING = YES;
				CLANG_WARN_BOOL_CONVERSION = YES;
				CLANG_WARN_COMMA = YES;
				CLANG_WARN_CONSTANT_CONVERSION = YES;
				CLANG_WARN_DEPRECATED_OBJC_IMPLEMENTATIONS = YES;
				CLANG_WARN_DIRECT_OBJC_ISA_USAGE = YES_ERROR;
				CLANG_WARN_DOCUMENTATION_COMMENTS = YES;
				CLANG_WARN_EMPTY_BODY = YES;
				CLANG_WARN_ENUM_CONVERSION = YES;
				CLANG_WARN_INFINITE_RECURSION = YES;
				CLANG_WARN_INT_CONVERSION = YES;
				CLANG_WARN_NON_LITERAL_NULL_CONVERSION = YES;
				CLANG_WARN_OBJC_IMPLICIT_RETAIN_SELF = YES;
				CLANG_WARN_OBJC_LITERAL_CONVERSION = YES;
				CLANG_WARN_OBJC_ROOT_CLASS = YES_ERROR;
				CLANG_WARN_RANGE_LOOP_ANALYSIS = YES;
				CLANG_WARN_STRICT_PROTOTYPES = YES;
				CLANG_WARN_SUSPICIOUS_MOVE = YES;
				CLANG_WARN_UNGUARDED_AVAILABILITY = YES_AGGRESSIVE;
				CLANG_WARN_UNREACHABLE_CODE = YES;
				CLANG_WARN__DUPLICATE_METHOD_MATCH = YES;
				COPY_PHASE_STRIP = NO;
				DEBUG_INFORMATION_FORMAT = dwarf;
				ENABLE_STRICT_OBJC_MSGSEND = YES;
				ENABLE_TESTABILITY = YES;
				GCC_C_LANGUAGE_STANDARD = gnu11;
				GCC_DYNAMIC_NO_PIC = NO;
				GCC_NO_COMMON_BLOCKS = YES;
				GCC_OPTIMIZATION_LEVEL = 0;
				GCC_PREPROCESSOR_DEFINITIONS = (
					"DEBUG=1",
					"$(inherited)",
				);
				GCC_WARN_64_TO_32_BIT_CONVERSION = YES;
				GCC_WARN_ABOUT_RETURN_TYPE = YES_ERROR;
				GCC_WARN_UNDECLARED_SELECTOR = YES;
				GCC_WARN_UNINITIALIZED_AUTOS = YES_AGGRESSIVE;
				GCC_WARN_UNUSED_FUNCTION = YES;
				GCC_WARN_UNUSED_VARIABLE = YES;
				IPHONEOS_DEPLOYMENT_TARGET = 13.0;
				MTL_ENABLE_DEBUG_INFO = INCLUDE_SOURCE;
				MTL_FAST_MATH = YES;
				ONLY_ACTIVE_ARCH = YES;
				SDKROOT = iphoneos;
				SWIFT_ACTIVE_COMPILATION_CONDITIONS = DEBUG;
				SWIFT_OPTIMIZATION_LEVEL = "-Onone";
			};
			name = Debug;
		};
		C19F57D5236A0B29009AEB52 /* Release */ = {
			isa = XCBuildConfiguration;
			buildSettings = {
				ALWAYS_SEARCH_USER_PATHS = NO;
				CLANG_ANALYZER_NONNULL = YES;
				CLANG_ANALYZER_NUMBER_OBJECT_CONVERSION = YES_AGGRESSIVE;
				CLANG_CXX_LANGUAGE_STANDARD = "gnu++14";
				CLANG_CXX_LIBRARY = "libc++";
				CLANG_ENABLE_MODULES = YES;
				CLANG_ENABLE_OBJC_ARC = YES;
				CLANG_ENABLE_OBJC_WEAK = YES;
				CLANG_WARN_BLOCK_CAPTURE_AUTORELEASING = YES;
				CLANG_WARN_BOOL_CONVERSION = YES;
				CLANG_WARN_COMMA = YES;
				CLANG_WARN_CONSTANT_CONVERSION = YES;
				CLANG_WARN_DEPRECATED_OBJC_IMPLEMENTATIONS = YES;
				CLANG_WARN_DIRECT_OBJC_ISA_USAGE = YES_ERROR;
				CLANG_WARN_DOCUMENTATION_COMMENTS = YES;
				CLANG_WARN_EMPTY_BODY = YES;
				CLANG_WARN_ENUM_CONVERSION = YES;
				CLANG_WARN_INFINITE_RECURSION = YES;
				CLANG_WARN_INT_CONVERSION = YES;
				CLANG_WARN_NON_LITERAL_NULL_CONVERSION = YES;
				CLANG_WARN_OBJC_IMPLICIT_RETAIN_SELF = YES;
				CLANG_WARN_OBJC_LITERAL_CONVERSION = YES;
				CLANG_WARN_OBJC_ROOT_CLASS = YES_ERROR;
				CLANG_WARN_RANGE_LOOP_ANALYSIS = YES;
				CLANG_WARN_STRICT_PROTOTYPES = YES;
				CLANG_WARN_SUSPICIOUS_MOVE = YES;
				CLANG_WARN_UNGUARDED_AVAILABILITY = YES_AGGRESSIVE;
				CLANG_WARN_UNREACHABLE_CODE = YES;
				CLANG_WARN__DUPLICATE_METHOD_MATCH = YES;
				COPY_PHASE_STRIP = NO;
				DEBUG_INFORMATION_FORMAT = "dwarf-with-dsym";
				ENABLE_NS_ASSERTIONS = NO;
				ENABLE_STRICT_OBJC_MSGSEND = YES;
				GCC_C_LANGUAGE_STANDARD = gnu11;
				GCC_NO_COMMON_BLOCKS = YES;
				GCC_WARN_64_TO_32_BIT_CONVERSION = YES;
				GCC_WARN_ABOUT_RETURN_TYPE = YES_ERROR;
				GCC_WARN_UNDECLARED_SELECTOR = YES;
				GCC_WARN_UNINITIALIZED_AUTOS = YES_AGGRESSIVE;
				GCC_WARN_UNUSED_FUNCTION = YES;
				GCC_WARN_UNUSED_VARIABLE = YES;
				IPHONEOS_DEPLOYMENT_TARGET = 13.0;
				MTL_ENABLE_DEBUG_INFO = NO;
				MTL_FAST_MATH = YES;
				SDKROOT = iphoneos;
				SWIFT_COMPILATION_MODE = wholemodule;
				SWIFT_OPTIMIZATION_LEVEL = "-O";
				VALIDATE_PRODUCT = YES;
			};
			name = Release;
		};
		C19F57D7236A0B29009AEB52 /* Debug */ = {
			isa = XCBuildConfiguration;
			buildSettings = {
				ASSETCATALOG_COMPILER_APPICON_NAME = AppIcon;
				CODE_SIGN_STYLE = Automatic;
				DEVELOPMENT_TEAM = G4KQ459XHC;
				INFOPLIST_FILE = Color_Guess_Lab/Info.plist;
				LD_RUNPATH_SEARCH_PATHS = (
					"$(inherited)",
					"@executable_path/Frameworks",
				);
				PRODUCT_BUNDLE_IDENTIFIER = "org.gregkeeley.Color-Guess-Lab";
				PRODUCT_NAME = "$(TARGET_NAME)";
				SWIFT_VERSION = 5.0;
				TARGETED_DEVICE_FAMILY = "1,2";
			};
			name = Debug;
		};
		C19F57D8236A0B29009AEB52 /* Release */ = {
			isa = XCBuildConfiguration;
			buildSettings = {
				ASSETCATALOG_COMPILER_APPICON_NAME = AppIcon;
				CODE_SIGN_STYLE = Automatic;
				DEVELOPMENT_TEAM = G4KQ459XHC;
				INFOPLIST_FILE = Color_Guess_Lab/Info.plist;
				LD_RUNPATH_SEARCH_PATHS = (
					"$(inherited)",
					"@executable_path/Frameworks",
				);
				PRODUCT_BUNDLE_IDENTIFIER = "org.gregkeeley.Color-Guess-Lab";
				PRODUCT_NAME = "$(TARGET_NAME)";
				SWIFT_VERSION = 5.0;
				TARGETED_DEVICE_FAMILY = "1,2";
			};
			name = Release;
		};
/* End XCBuildConfiguration section */

/* Begin XCConfigurationList section */
		C19F57BD236A0B27009AEB52 /* Build configuration list for PBXProject "Color_Guess_Lab" */ = {
			isa = XCConfigurationList;
			buildConfigurations = (
				C19F57D4236A0B29009AEB52 /* Debug */,
				C19F57D5236A0B29009AEB52 /* Release */,
			);
			defaultConfigurationIsVisible = 0;
			defaultConfigurationName = Release;
		};
		C19F57D6236A0B29009AEB52 /* Build configuration list for PBXNativeTarget "Color_Guess_Lab" */ = {
			isa = XCConfigurationList;
			buildConfigurations = (
				C19F57D7236A0B29009AEB52 /* Debug */,
				C19F57D8236A0B29009AEB52 /* Release */,
			);
			defaultConfigurationIsVisible = 0;
			defaultConfigurationName = Release;
		};
/* End XCConfigurationList section */
	};
	rootObject = C19F57BA236A0B27009AEB52 /* Project object */;
}
